
Microsoft Visual Studio Solution File, Format Version 12.00
# Visual Studio 15
VisualStudioVersion = 15.0.26124.0
MinimumVisualStudioVersion = 15.0.26124.0
Project("{FAE04EC0-301F-11D3-BF4B-00C04F79EFBC}") = "C#ConsoleAppForJenkin1", "C#ConsoleAppForJenkin1\C#ConsoleAppForJenkin1.csproj", "{CAC10601-73E9-4E61-ADF4-B1DCF850D942}"
EndProject
Project("{FAE04EC0-301F-11D3-BF4B-00C04F79EFBC}") = "ConsoleAppForJenkin1Test", "ConsoleAppForJenkin1Test\ConsoleAppForJenkin1Test.csproj", "{82DEE1D6-66A1-459E-91F2-510DE103B870}"
EndProject
Global
	GlobalSection(SolutionConfigurationPlatforms) = preSolution
		Debug|Any CPU = Debug|Any CPU
		Debug|x64 = Debug|x64
		Debug|x86 = Debug|x86
		Release|Any CPU = Release|Any CPU
		Release|x64 = Release|x64
		Release|x86 = Release|x86
	EndGlobalSection
	GlobalSection(SolutionProperties) = preSolution
		HideSolutionNode = FALSE
	EndGlobalSection
	GlobalSection(ProjectConfigurationPlatforms) = postSolution
		{CAC10601-73E9-4E61-ADF4-B1DCF850D942}.Debug|Any CPU.ActiveCfg = Debug|Any CPU
		{CAC10601-73E9-4E61-ADF4-B1DCF850D942}.Debug|Any CPU.Build.0 = Debug|Any CPU
		{CAC10601-73E9-4E61-ADF4-B1DCF850D942}.Debug|x64.ActiveCfg = Debug|Any CPU
		{CAC10601-73E9-4E61-ADF4-B1DCF850D942}.Debug|x64.Build.0 = Debug|Any CPU
		{CAC10601-73E9-4E61-ADF4-B1DCF850D942}.Debug|x86.ActiveCfg = Debug|Any CPU
		{CAC10601-73E9-4E61-ADF4-B1DCF850D942}.Debug|x86.Build.0 = Debug|Any CPU
		{CAC10601-73E9-4E61-ADF4-B1DCF850D942}.Release|Any CPU.ActiveCfg = Release|Any CPU
		{CAC10601-73E9-4E61-ADF4-B1DCF850D942}.Release|Any CPU.Build.0 = Release|Any CPU
		{CAC10601-73E9-4E61-ADF4-B1DCF850D942}.Release|x64.ActiveCfg = Release|Any CPU
		{CAC10601-73E9-4E61-ADF4-B1DCF850D942}.Release|x64.Build.0 = Release|Any CPU
		{CAC10601-73E9-4E61-ADF4-B1DCF850D942}.Release|x86.ActiveCfg = Release|Any CPU
		{CAC10601-73E9-4E61-ADF4-B1DCF850D942}.Release|x86.Build.0 = Release|Any CPU
		{82DEE1D6-66A1-459E-91F2-510DE103B870}.Debug|Any CPU.ActiveCfg = Debug|Any CPU
		{82DEE1D6-66A1-459E-91F2-510DE103B870}.Debug|Any CPU.Build.0 = Debug|Any CPU
		{82DEE1D6-66A1-459E-91F2-510DE103B870}.Debug|x64.ActiveCfg = Debug|Any CPU
		{82DEE1D6-66A1-459E-91F2-510DE103B870}.Debug|x64.Build.0 = Debug|Any CPU
		{82DEE1D6-66A1-459E-91F2-510DE103B870}.Debug|x86.ActiveCfg = Debug|Any CPU
		{82DEE1D6-66A1-459E-91F2-510DE103B870}.Debug|x86.Build.0 = Debug|Any CPU
		{82DEE1D6-66A1-459E-91F2-510DE103B870}.Release|Any CPU.ActiveCfg = Release|Any CPU
		{82DEE1D6-66A1-459E-91F2-510DE103B870}.Release|Any CPU.Build.0 = Release|Any CPU
		{82DEE1D6-66A1-459E-91F2-510DE103B870}.Release|x64.ActiveCfg = Release|Any CPU
		{82DEE1D6-66A1-459E-91F2-510DE103B870}.Release|x64.Build.0 = Release|Any CPU
		{82DEE1D6-66A1-459E-91F2-510DE103B870}.Release|x86.ActiveCfg = Release|Any CPU
		{82DEE1D6-66A1-459E-91F2-510DE103B870}.Release|x86.Build.0 = Release|Any CPU
	EndGlobalSection
EndGlobal
